// !$*UTF8*$!
{
	archiveVersion = 1;
	classes = {
	};
	objectVersion = 56;
	objects = {

/* Begin PBXBuildFile section */
		245445CF2A4BDBB6009C225E /* main.swift in Sources */ = {isa = PBXBuildFile; fileRef = 245445CE2A4BDBB6009C225E /* main.swift */; };
/* End PBXBuildFile section */

/* Begin PBXCopyFilesBuildPhase section */
		24DD14FE2A0A64B300AA1845 /* CopyFiles */ = {
			isa = PBXCopyFilesBuildPhase;
			buildActionMask = 2147483647;
			dstPath = /usr/share/man/man1/;
			dstSubfolderSpec = 0;
			files = (
			);
			runOnlyForDeploymentPostprocessing = 1;
		};
/* End PBXCopyFilesBuildPhase section */

/* Begin PBXFileReference section */
		243F57052A0E78BD00ADC1D8 /* greedy_02.swift */ = {isa = PBXFileReference; lastKnownFileType = sourcecode.swift; path = greedy_02.swift; sourceTree = "<group>"; };
		243F57072A106E1F00ADC1D8 /* greedy_03.swift */ = {isa = PBXFileReference; lastKnownFileType = sourcecode.swift; path = greedy_03.swift; sourceTree = "<group>"; };
		243F57092A10A69300ADC1D8 /* greedy_04.swift */ = {isa = PBXFileReference; lastKnownFileType = sourcecode.swift; path = greedy_04.swift; sourceTree = "<group>"; };
		243F57552A1113F300ADC1D8 /* 15591.swift */ = {isa = PBXFileReference; lastKnownFileType = sourcecode.swift; path = 15591.swift; sourceTree = "<group>"; };
		243F57572A1219E100ADC1D8 /* 17780.swift */ = {isa = PBXFileReference; lastKnownFileType = sourcecode.swift; path = 17780.swift; sourceTree = "<group>"; };
		243F57592A122E2D00ADC1D8 /* 18500.swift */ = {isa = PBXFileReference; lastKnownFileType = sourcecode.swift; path = 18500.swift; sourceTree = "<group>"; };
		243F575B2A136FCC00ADC1D8 /* 16639.swift */ = {isa = PBXFileReference; lastKnownFileType = sourcecode.swift; path = 16639.swift; sourceTree = "<group>"; };
		243F575E2A1370C700ADC1D8 /* 10942.swift */ = {isa = PBXFileReference; lastKnownFileType = sourcecode.swift; path = 10942.swift; sourceTree = "<group>"; };
		243F575F2A1370C700ADC1D8 /* 12969.swift */ = {isa = PBXFileReference; lastKnownFileType = sourcecode.swift; path = 12969.swift; sourceTree = "<group>"; };
		243F57602A1370C700ADC1D8 /* 3568.swift */ = {isa = PBXFileReference; lastKnownFileType = sourcecode.swift; path = 3568.swift; sourceTree = "<group>"; };
		243F57612A1370C700ADC1D8 /* 12996.swift */ = {isa = PBXFileReference; lastKnownFileType = sourcecode.swift; path = 12996.swift; sourceTree = "<group>"; };
		243F57622A1370C700ADC1D8 /* 11066.swift */ = {isa = PBXFileReference; lastKnownFileType = sourcecode.swift; path = 11066.swift; sourceTree = "<group>"; };
		243F57632A1370C700ADC1D8 /* 1949.swift */ = {isa = PBXFileReference; lastKnownFileType = sourcecode.swift; path = 1949.swift; sourceTree = "<group>"; };
		243F57642A1370C700ADC1D8 /* 12869.swift */ = {isa = PBXFileReference; lastKnownFileType = sourcecode.swift; path = 12869.swift; sourceTree = "<group>"; };
		243F57652A1370C700ADC1D8 /* 2533.swift */ = {isa = PBXFileReference; lastKnownFileType = sourcecode.swift; path = 2533.swift; sourceTree = "<group>"; };
		243F57662A1370C700ADC1D8 /* 9470.swift */ = {isa = PBXFileReference; lastKnownFileType = sourcecode.swift; path = 9470.swift; sourceTree = "<group>"; };
		243F57672A1370C700ADC1D8 /* 11049.swift */ = {isa = PBXFileReference; lastKnownFileType = sourcecode.swift; path = 11049.swift; sourceTree = "<group>"; };
		243F57682A1370C700ADC1D8 /* 2176.swift */ = {isa = PBXFileReference; lastKnownFileType = sourcecode.swift; path = 2176.swift; sourceTree = "<group>"; };
		243F57692A1370C700ADC1D8 /* 1005.swift */ = {isa = PBXFileReference; lastKnownFileType = sourcecode.swift; path = 1005.swift; sourceTree = "<group>"; };
		243F576A2A1370C700ADC1D8 /* 9935.swift */ = {isa = PBXFileReference; lastKnownFileType = sourcecode.swift; path = 9935.swift; sourceTree = "<group>"; };
		243F576B2A1370C700ADC1D8 /* 16197.swift */ = {isa = PBXFileReference; lastKnownFileType = sourcecode.swift; path = 16197.swift; sourceTree = "<group>"; };
		243F576C2A1370C700ADC1D8 /* 14238.swift */ = {isa = PBXFileReference; lastKnownFileType = sourcecode.swift; path = 14238.swift; sourceTree = "<group>"; };
		243F576D2A1370C700ADC1D8 /* 16506.swift */ = {isa = PBXFileReference; lastKnownFileType = sourcecode.swift; path = 16506.swift; sourceTree = "<group>"; };
		243F576E2A1370C700ADC1D8 /* 2252.swift */ = {isa = PBXFileReference; lastKnownFileType = sourcecode.swift; path = 2252.swift; sourceTree = "<group>"; };
		243F57712A14889500ADC1D8 /* 1800.swift */ = {isa = PBXFileReference; lastKnownFileType = sourcecode.swift; path = 1800.swift; sourceTree = "<group>"; };
		243F579A2A18625500ADC1D8 /* 14466.swift */ = {isa = PBXFileReference; lastKnownFileType = sourcecode.swift; path = 14466.swift; sourceTree = "<group>"; };
		243F579C2A188F1000ADC1D8 /* 16918.swift */ = {isa = PBXFileReference; lastKnownFileType = sourcecode.swift; path = 16918.swift; sourceTree = "<group>"; };
		243F579E2A18995100ADC1D8 /* 16967.swift */ = {isa = PBXFileReference; lastKnownFileType = sourcecode.swift; path = 16967.swift; sourceTree = "<group>"; };
		243F57A02A19D03900ADC1D8 /* 17182.swift */ = {isa = PBXFileReference; lastKnownFileType = sourcecode.swift; path = 17182.swift; sourceTree = "<group>"; };
		243F57A22A19DCE900ADC1D8 /* 3109.swift */ = {isa = PBXFileReference; lastKnownFileType = sourcecode.swift; path = 3109.swift; sourceTree = "<group>"; };
		243F57A82A1B238F00ADC1D8 /* 2632.swift */ = {isa = PBXFileReference; lastKnownFileType = sourcecode.swift; path = 2632.swift; sourceTree = "<group>"; };
		243F57AA2A1C9D7500ADC1D8 /* 4256.swift */ = {isa = PBXFileReference; lastKnownFileType = sourcecode.swift; path = 4256.swift; sourceTree = "<group>"; };
		243F57AC2A1DAE4200ADC1D8 /* 13335.swift */ = {isa = PBXFileReference; lastKnownFileType = sourcecode.swift; path = 13335.swift; sourceTree = "<group>"; };
		243F57BA2A1F62BA00ADC1D8 /* 11967.swift */ = {isa = PBXFileReference; lastKnownFileType = sourcecode.swift; path = 11967.swift; sourceTree = "<group>"; };
		243F57C12A23083300ADC1D8 /* 8972.swift */ = {isa = PBXFileReference; lastKnownFileType = sourcecode.swift; path = 8972.swift; sourceTree = "<group>"; };
		243F57C32A23232E00ADC1D8 /* 1391.swift */ = {isa = PBXFileReference; lastKnownFileType = sourcecode.swift; path = 1391.swift; sourceTree = "<group>"; };
		243F57C62A244CBF00ADC1D8 /* 1935.swift */ = {isa = PBXFileReference; lastKnownFileType = sourcecode.swift; path = 1935.swift; sourceTree = "<group>"; };
		243F57C82A24524C00ADC1D8 /* 1918.swift */ = {isa = PBXFileReference; lastKnownFileType = sourcecode.swift; path = 1918.swift; sourceTree = "<group>"; };
		245445462A2DB9CC009C225E /* 18427.swift */ = {isa = PBXFileReference; lastKnownFileType = sourcecode.swift; path = 18427.swift; sourceTree = "<group>"; };
		245445482A2EE442009C225E /* 18429.swift */ = {isa = PBXFileReference; lastKnownFileType = sourcecode.swift; path = 18429.swift; sourceTree = "<group>"; };
		2454454C2A2EE4AD009C225E /* 2696.swift */ = {isa = PBXFileReference; lastKnownFileType = sourcecode.swift; path = 2696.swift; sourceTree = "<group>"; };
		2454454D2A2EE4AD009C225E /* 1890.swift */ = {isa = PBXFileReference; lastKnownFileType = sourcecode.swift; path = 1890.swift; sourceTree = "<group>"; };
		2454454E2A2EE4AD009C225E /* 13913.swift */ = {isa = PBXFileReference; lastKnownFileType = sourcecode.swift; path = 13913.swift; sourceTree = "<group>"; };
		2454454F2A2EE4AD009C225E /* 17086.swift */ = {isa = PBXFileReference; lastKnownFileType = sourcecode.swift; path = 17086.swift; sourceTree = "<group>"; };
		245445502A2EE4AD009C225E /* 11286.swift */ = {isa = PBXFileReference; lastKnownFileType = sourcecode.swift; path = 11286.swift; sourceTree = "<group>"; };
		245445512A2EE4AD009C225E /* 12851.swift */ = {isa = PBXFileReference; lastKnownFileType = sourcecode.swift; path = 12851.swift; sourceTree = "<group>"; };
		245445522A2EE4AD009C225E /* 11279.swift */ = {isa = PBXFileReference; lastKnownFileType = sourcecode.swift; path = 11279.swift; sourceTree = "<group>"; };
		245445532A2EE4AD009C225E /* 11058.swift */ = {isa = PBXFileReference; lastKnownFileType = sourcecode.swift; path = 11058.swift; sourceTree = "<group>"; };
		245445542A2EE4AD009C225E /* 15989.swift */ = {isa = PBXFileReference; lastKnownFileType = sourcecode.swift; path = 15989.swift; sourceTree = "<group>"; };
		245445562A2EE4AD009C225E /* 5557.swift */ = {isa = PBXFileReference; lastKnownFileType = sourcecode.swift; path = 5557.swift; sourceTree = "<group>"; };
		245445572A2EE4AD009C225E /* 1916.swift */ = {isa = PBXFileReference; lastKnownFileType = sourcecode.swift; path = 1916.swift; sourceTree = "<group>"; };
		245445582A2EE4AD009C225E /* 3085.swift */ = {isa = PBXFileReference; lastKnownFileType = sourcecode.swift; path = 3085.swift; sourceTree = "<group>"; };
		245445592A2EE4AD009C225E /* 1197.swift */ = {isa = PBXFileReference; lastKnownFileType = sourcecode.swift; path = 1197.swift; sourceTree = "<group>"; };
		2454455B2A2EE4AD009C225E /* 1743.swift */ = {isa = PBXFileReference; lastKnownFileType = sourcecode.swift; path = 1743.swift; sourceTree = "<group>"; };
		2454455C2A2EE4AD009C225E /* 1495.swift */ = {isa = PBXFileReference; lastKnownFileType = sourcecode.swift; path = 1495.swift; sourceTree = "<group>"; };
		2454455D2A2EE4AD009C225E /* 1789.swift */ = {isa = PBXFileReference; lastKnownFileType = sourcecode.swift; path = 1789.swift; sourceTree = "<group>"; };
		2454455E2A2EE4AD009C225E /* 1038.swift */ = {isa = PBXFileReference; lastKnownFileType = sourcecode.swift; path = 1038.swift; sourceTree = "<group>"; };
		2454455F2A2EE4AD009C225E /* 16953.swift */ = {isa = PBXFileReference; lastKnownFileType = sourcecode.swift; path = 16953.swift; sourceTree = "<group>"; };
		245445602A2EE4AD009C225E /* 16930.swift */ = {isa = PBXFileReference; lastKnownFileType = sourcecode.swift; path = 16930.swift; sourceTree = "<group>"; };
		245445612A2EE4AD009C225E /* 14226.swift */ = {isa = PBXFileReference; lastKnownFileType = sourcecode.swift; path = 14226.swift; sourceTree = "<group>"; };
		245445622A2EE4AD009C225E /* 12026.swift */ = {isa = PBXFileReference; lastKnownFileType = sourcecode.swift; path = 12026.swift; sourceTree = "<group>"; };
		245445632A2EE4AD009C225E /* 2294.swift */ = {isa = PBXFileReference; lastKnownFileType = sourcecode.swift; path = 2294.swift; sourceTree = "<group>"; };
		245445642A2EE4AD009C225E /* 1303.swift */ = {isa = PBXFileReference; lastKnownFileType = sourcecode.swift; path = 1303.swift; sourceTree = "<group>"; };
		245445652A2EE4AD009C225E /* 16916.swift */ = {isa = PBXFileReference; lastKnownFileType = sourcecode.swift; path = 16916.swift; sourceTree = "<group>"; };
		245445672A305F1C009C225E /* 18430.swift */ = {isa = PBXFileReference; lastKnownFileType = sourcecode.swift; path = 18430.swift; sourceTree = "<group>"; };
		2454456A2A306DE8009C225E /* 18809.swift */ = {isa = PBXFileReference; lastKnownFileType = sourcecode.swift; path = 18809.swift; sourceTree = "<group>"; };
		2454456C2A342A94009C225E /* 18808.swift */ = {isa = PBXFileReference; lastKnownFileType = sourcecode.swift; path = 18808.swift; sourceTree = "<group>"; };
		2454456E2A343F15009C225E /* 10655.swift */ = {isa = PBXFileReference; lastKnownFileType = sourcecode.swift; path = 10655.swift; sourceTree = "<group>"; };
		245445702A35A8A2009C225E /* 10836.swift */ = {isa = PBXFileReference; lastKnownFileType = sourcecode.swift; path = 10836.swift; sourceTree = "<group>"; };
		245445722A375FF7009C225E /* 1043.swift */ = {isa = PBXFileReference; lastKnownFileType = sourcecode.swift; path = 1043.swift; sourceTree = "<group>"; };
		245445742A383DAA009C225E /* 10800.swift */ = {isa = PBXFileReference; lastKnownFileType = sourcecode.swift; path = 10800.swift; sourceTree = "<group>"; };
		2454457F2A397DF1009C225E /* 8980.swift */ = {isa = PBXFileReference; lastKnownFileType = sourcecode.swift; path = 8980.swift; sourceTree = "<group>"; };
		245445812A3D4C6F009C225E /* 10159.swift */ = {isa = PBXFileReference; lastKnownFileType = sourcecode.swift; path = 10159.swift; sourceTree = "<group>"; };
		245445832A3D6B22009C225E /* 2310.swift */ = {isa = PBXFileReference; lastKnownFileType = sourcecode.swift; path = 2310.swift; sourceTree = "<group>"; };
		245445852A43FA62009C225E /* 3025.swift */ = {isa = PBXFileReference; lastKnownFileType = sourcecode.swift; path = 3025.swift; sourceTree = "<group>"; };
		245445BF2A496D40009C225E /* 2019_kakao_04.swift */ = {isa = PBXFileReference; lastKnownFileType = sourcecode.swift; path = 2019_kakao_04.swift; sourceTree = "<group>"; };
		245445C12A496D57009C225E /* 2019_kakao_03.swift */ = {isa = PBXFileReference; fileEncoding = 4; lastKnownFileType = sourcecode.swift; path = 2019_kakao_03.swift; sourceTree = "<group>"; };
		245445C22A496D57009C225E /* 2019_kakao_02.swift */ = {isa = PBXFileReference; fileEncoding = 4; lastKnownFileType = sourcecode.swift; path = 2019_kakao_02.swift; sourceTree = "<group>"; };
		245445C32A496D57009C225E /* 2019_kakao_01.swift */ = {isa = PBXFileReference; fileEncoding = 4; lastKnownFileType = sourcecode.swift; path = 2019_kakao_01.swift; sourceTree = "<group>"; };
		245445C72A497447009C225E /* 2019_kakao_05.swift */ = {isa = PBXFileReference; lastKnownFileType = sourcecode.swift; path = 2019_kakao_05.swift; sourceTree = "<group>"; };
		245445CB2A4B0BA9009C225E /* 2020_kakao_01.swift */ = {isa = PBXFileReference; lastKnownFileType = sourcecode.swift; path = 2020_kakao_01.swift; sourceTree = "<group>"; };
		245445CE2A4BDBB6009C225E /* main.swift */ = {isa = PBXFileReference; lastKnownFileType = sourcecode.swift; path = main.swift; sourceTree = "<group>"; };
		245BD3DB2A25C842007B0462 /* 1976.swift */ = {isa = PBXFileReference; lastKnownFileType = sourcecode.swift; path = 1976.swift; sourceTree = "<group>"; };
		245BD3F62A289AF5007B0462 /* 2164.swift */ = {isa = PBXFileReference; lastKnownFileType = sourcecode.swift; path = 2164.swift; sourceTree = "<group>"; };
		245BD3F82A289CCB007B0462 /* 1244.swift */ = {isa = PBXFileReference; lastKnownFileType = sourcecode.swift; path = 1244.swift; sourceTree = "<group>"; };
		245BD3FA2A28A2CF007B0462 /* 1765.swift */ = {isa = PBXFileReference; lastKnownFileType = sourcecode.swift; path = 1765.swift; sourceTree = "<group>"; };
		245BD3FC2A2ADC71007B0462 /* 1189.swift */ = {isa = PBXFileReference; lastKnownFileType = sourcecode.swift; path = 1189.swift; sourceTree = "<group>"; };
		245BD3FE2A2B1167007B0462 /* 10653.swift */ = {isa = PBXFileReference; lastKnownFileType = sourcecode.swift; path = 10653.swift; sourceTree = "<group>"; };
		245BD4102A2CD4EB007B0462 /* 1135.swift */ = {isa = PBXFileReference; lastKnownFileType = sourcecode.swift; path = 1135.swift; sourceTree = "<group>"; };
		24DD15002A0A64B300AA1845 /* Algorithm */ = {isa = PBXFileReference; explicitFileType = "compiled.mach-o.executable"; includeInIndex = 0; path = Algorithm; sourceTree = BUILT_PRODUCTS_DIR; };
		24DD15032A0A64B300AA1845 /* 7662.swift */ = {isa = PBXFileReference; lastKnownFileType = sourcecode.swift; path = 7662.swift; sourceTree = "<group>"; };
		24DD15192A0A687900AA1845 /* bruteforce_03.swift */ = {isa = PBXFileReference; lastKnownFileType = sourcecode.swift; path = bruteforce_03.swift; sourceTree = "<group>"; };
		24DD151A2A0A687900AA1845 /* bruteforce_02.swift */ = {isa = PBXFileReference; lastKnownFileType = sourcecode.swift; path = bruteforce_02.swift; sourceTree = "<group>"; };
		24DD151B2A0A687900AA1845 /* bruteforce_05.swift */ = {isa = PBXFileReference; lastKnownFileType = sourcecode.swift; path = bruteforce_05.swift; sourceTree = "<group>"; };
		24DD151C2A0A687900AA1845 /* bruteforce_01.swift */ = {isa = PBXFileReference; lastKnownFileType = sourcecode.swift; path = bruteforce_01.swift; sourceTree = "<group>"; };
		24DD151D2A0A687900AA1845 /* bruteforce_04.swift */ = {isa = PBXFileReference; lastKnownFileType = sourcecode.swift; path = bruteforce_04.swift; sourceTree = "<group>"; };
		24DD151E2A0A687900AA1845 /* bruteforce_06.swift */ = {isa = PBXFileReference; lastKnownFileType = sourcecode.swift; path = bruteforce_06.swift; sourceTree = "<group>"; };
		24DD15202A0A687900AA1845 /* binarysearch_01.swift */ = {isa = PBXFileReference; lastKnownFileType = sourcecode.swift; path = binarysearch_01.swift; sourceTree = "<group>"; };
		24DD15212A0A687900AA1845 /* binarysearch_02.swift */ = {isa = PBXFileReference; lastKnownFileType = sourcecode.swift; path = binarysearch_02.swift; sourceTree = "<group>"; };
		24DD15232A0A687900AA1845 /* sort_02.swift */ = {isa = PBXFileReference; lastKnownFileType = sourcecode.swift; path = sort_02.swift; sourceTree = "<group>"; };
		24DD15242A0A687900AA1845 /* sort_03.swift */ = {isa = PBXFileReference; lastKnownFileType = sourcecode.swift; path = sort_03.swift; sourceTree = "<group>"; };
		24DD15252A0A687900AA1845 /* sort_01.swift */ = {isa = PBXFileReference; lastKnownFileType = sourcecode.swift; path = sort_01.swift; sourceTree = "<group>"; };
		24DD15272A0A687900AA1845 /* dp_02.swift */ = {isa = PBXFileReference; lastKnownFileType = sourcecode.swift; path = dp_02.swift; sourceTree = "<group>"; };
		24DD15282A0A687900AA1845 /* dp_01.swift */ = {isa = PBXFileReference; lastKnownFileType = sourcecode.swift; path = dp_01.swift; sourceTree = "<group>"; };
		24DD152A2A0A687900AA1845 /* graph_02.swift */ = {isa = PBXFileReference; lastKnownFileType = sourcecode.swift; path = graph_02.swift; sourceTree = "<group>"; };
		24DD152B2A0A687900AA1845 /* graph_03_unsolve.swift */ = {isa = PBXFileReference; lastKnownFileType = sourcecode.swift; path = graph_03_unsolve.swift; sourceTree = "<group>"; };
		24DD152C2A0A687900AA1845 /* graph_01.swift */ = {isa = PBXFileReference; lastKnownFileType = sourcecode.swift; path = graph_01.swift; sourceTree = "<group>"; };
		24DD152F2A0A687900AA1845 /* stackqueue_02.swift */ = {isa = PBXFileReference; lastKnownFileType = sourcecode.swift; path = stackqueue_02.swift; sourceTree = "<group>"; };
		24DD15302A0A687900AA1845 /* stackqueue_03.swift */ = {isa = PBXFileReference; lastKnownFileType = sourcecode.swift; path = stackqueue_03.swift; sourceTree = "<group>"; };
		24DD15312A0A687900AA1845 /* stackqueue_04.swift */ = {isa = PBXFileReference; lastKnownFileType = sourcecode.swift; path = stackqueue_04.swift; sourceTree = "<group>"; };
		24DD15322A0A687900AA1845 /* stackqueue_01.swift */ = {isa = PBXFileReference; lastKnownFileType = sourcecode.swift; path = stackqueue_01.swift; sourceTree = "<group>"; };
		24DD15342A0A687900AA1845 /* heap_02.swift */ = {isa = PBXFileReference; lastKnownFileType = sourcecode.swift; path = heap_02.swift; sourceTree = "<group>"; };
		24DD15352A0A687900AA1845 /* heap_01.swift */ = {isa = PBXFileReference; lastKnownFileType = sourcecode.swift; path = heap_01.swift; sourceTree = "<group>"; };
		24DD15372A0A687900AA1845 /* dfsbfs_05_unsolve.swift */ = {isa = PBXFileReference; lastKnownFileType = sourcecode.swift; path = dfsbfs_05_unsolve.swift; sourceTree = "<group>"; };
		24DD15382A0A687900AA1845 /* dfsbfs_02.swift */ = {isa = PBXFileReference; lastKnownFileType = sourcecode.swift; path = dfsbfs_02.swift; sourceTree = "<group>"; };
		24DD15392A0A687900AA1845 /* dfsbfs_01.swift */ = {isa = PBXFileReference; lastKnownFileType = sourcecode.swift; path = dfsbfs_01.swift; sourceTree = "<group>"; };
		24DD153A2A0A687900AA1845 /* dfsbfs_04.swift */ = {isa = PBXFileReference; lastKnownFileType = sourcecode.swift; path = dfsbfs_04.swift; sourceTree = "<group>"; };
		24DD153B2A0A687900AA1845 /* dfsbfs_03.swift */ = {isa = PBXFileReference; lastKnownFileType = sourcecode.swift; path = dfsbfs_03.swift; sourceTree = "<group>"; };
		24DD153D2A0A687900AA1845 /* hash_02.swift */ = {isa = PBXFileReference; lastKnownFileType = sourcecode.swift; path = hash_02.swift; sourceTree = "<group>"; };
		24DD153E2A0A687900AA1845 /* hash_01.swift */ = {isa = PBXFileReference; lastKnownFileType = sourcecode.swift; path = hash_01.swift; sourceTree = "<group>"; };
		24DD15442A0A6E5A00AA1845 /* fileIO.swift */ = {isa = PBXFileReference; fileEncoding = 4; lastKnownFileType = sourcecode.swift; path = fileIO.swift; sourceTree = "<group>"; };
		24DD15452A0A6E5A00AA1845 /* timeCheck.swift */ = {isa = PBXFileReference; fileEncoding = 4; lastKnownFileType = sourcecode.swift; path = timeCheck.swift; sourceTree = "<group>"; };
		24DD15462A0A6E5A00AA1845 /* Algorithm-Bridging-Header.h */ = {isa = PBXFileReference; fileEncoding = 4; lastKnownFileType = sourcecode.c.h; path = "Algorithm-Bridging-Header.h"; sourceTree = "<group>"; };
		24DD156D2A0B537C00AA1845 /* bruteforce_07.swift */ = {isa = PBXFileReference; lastKnownFileType = sourcecode.swift; path = bruteforce_07.swift; sourceTree = "<group>"; };
		24DD156F2A0B5B2700AA1845 /* greedy_01.swift */ = {isa = PBXFileReference; lastKnownFileType = sourcecode.swift; path = greedy_01.swift; sourceTree = "<group>"; };
/* End PBXFileReference section */

/* Begin PBXFrameworksBuildPhase section */
		24DD14FD2A0A64B300AA1845 /* Frameworks */ = {
			isa = PBXFrameworksBuildPhase;
			buildActionMask = 2147483647;
			files = (
			);
			runOnlyForDeploymentPostprocessing = 0;
		};
/* End PBXFrameworksBuildPhase section */

/* Begin PBXGroup section */
		243F575D2A1370C700ADC1D8 /* 23_04 */ = {
			isa = PBXGroup;
			children = (
				243F575E2A1370C700ADC1D8 /* 10942.swift */,
				243F575F2A1370C700ADC1D8 /* 12969.swift */,
				243F57602A1370C700ADC1D8 /* 3568.swift */,
				243F57612A1370C700ADC1D8 /* 12996.swift */,
				243F57622A1370C700ADC1D8 /* 11066.swift */,
				243F57632A1370C700ADC1D8 /* 1949.swift */,
				243F57642A1370C700ADC1D8 /* 12869.swift */,
				243F57652A1370C700ADC1D8 /* 2533.swift */,
				243F57662A1370C700ADC1D8 /* 9470.swift */,
				243F57672A1370C700ADC1D8 /* 11049.swift */,
				243F57682A1370C700ADC1D8 /* 2176.swift */,
				243F57692A1370C700ADC1D8 /* 1005.swift */,
				243F576A2A1370C700ADC1D8 /* 9935.swift */,
				243F576B2A1370C700ADC1D8 /* 16197.swift */,
				243F576C2A1370C700ADC1D8 /* 14238.swift */,
				243F576D2A1370C700ADC1D8 /* 16506.swift */,
				243F576E2A1370C700ADC1D8 /* 2252.swift */,
			);
			path = 23_04;
			sourceTree = "<group>";
		};
		243F57C52A244CAC00ADC1D8 /* unsolved */ = {
			isa = PBXGroup;
			children = (
				243F57C32A23232E00ADC1D8 /* 1391.swift */,
				245BD3FE2A2B1167007B0462 /* 10653.swift */,
			);
			path = unsolved;
			sourceTree = "<group>";
		};
		2454454A2A2EE4AD009C225E /* 23_03 */ = {
			isa = PBXGroup;
			children = (
				2454454C2A2EE4AD009C225E /* 2696.swift */,
				2454454D2A2EE4AD009C225E /* 1890.swift */,
				2454454E2A2EE4AD009C225E /* 13913.swift */,
				2454454F2A2EE4AD009C225E /* 17086.swift */,
				245445502A2EE4AD009C225E /* 11286.swift */,
				245445512A2EE4AD009C225E /* 12851.swift */,
				245445522A2EE4AD009C225E /* 11279.swift */,
				245445532A2EE4AD009C225E /* 11058.swift */,
				245445542A2EE4AD009C225E /* 15989.swift */,
				245445562A2EE4AD009C225E /* 5557.swift */,
				245445572A2EE4AD009C225E /* 1916.swift */,
				245445582A2EE4AD009C225E /* 3085.swift */,
				245445592A2EE4AD009C225E /* 1197.swift */,
				2454455B2A2EE4AD009C225E /* 1743.swift */,
				2454455C2A2EE4AD009C225E /* 1495.swift */,
				2454455D2A2EE4AD009C225E /* 1789.swift */,
				2454455E2A2EE4AD009C225E /* 1038.swift */,
				2454455F2A2EE4AD009C225E /* 16953.swift */,
				245445602A2EE4AD009C225E /* 16930.swift */,
				245445612A2EE4AD009C225E /* 14226.swift */,
				245445622A2EE4AD009C225E /* 12026.swift */,
				245445632A2EE4AD009C225E /* 2294.swift */,
				245445642A2EE4AD009C225E /* 1303.swift */,
				245445652A2EE4AD009C225E /* 16916.swift */,
			);
			path = 23_03;
			sourceTree = "<group>";
		};
		245445662A2EE763009C225E /* 23_06 */ = {
			isa = PBXGroup;
			children = (
				245BD3F62A289AF5007B0462 /* 2164.swift */,
				245BD3F82A289CCB007B0462 /* 1244.swift */,
				245BD3FA2A28A2CF007B0462 /* 1765.swift */,
				245BD3FC2A2ADC71007B0462 /* 1189.swift */,
				245BD4102A2CD4EB007B0462 /* 1135.swift */,
				245445462A2DB9CC009C225E /* 18427.swift */,
				245445482A2EE442009C225E /* 18429.swift */,
				245445672A305F1C009C225E /* 18430.swift */,
				2454456A2A306DE8009C225E /* 18809.swift */,
				2454456C2A342A94009C225E /* 18808.swift */,
				2454456E2A343F15009C225E /* 10655.swift */,
				245445702A35A8A2009C225E /* 10836.swift */,
				245445722A375FF7009C225E /* 1043.swift */,
				245445742A383DAA009C225E /* 10800.swift */,
				2454457F2A397DF1009C225E /* 8980.swift */,
				245445812A3D4C6F009C225E /* 10159.swift */,
				245445832A3D6B22009C225E /* 2310.swift */,
				245445852A43FA62009C225E /* 3025.swift */,
			);
			path = 23_06;
			sourceTree = "<group>";
		};
		245445BE2A496D20009C225E /* 2019 카카오 개발자 겨울 인턴십 */ = {
			isa = PBXGroup;
			children = (
				245445C32A496D57009C225E /* 2019_kakao_01.swift */,
				245445C22A496D57009C225E /* 2019_kakao_02.swift */,
				245445C12A496D57009C225E /* 2019_kakao_03.swift */,
				245445BF2A496D40009C225E /* 2019_kakao_04.swift */,
				245445C72A497447009C225E /* 2019_kakao_05.swift */,
			);
			name = "2019 카카오 개발자 겨울 인턴십";
			path = "2019 카카오 개발자 겨울 인턴십";
			sourceTree = "<group>";
		};
		245445CD2A4B0D32009C225E /* 2020 카카오 인턴십 */ = {
			isa = PBXGroup;
			children = (
				245445CB2A4B0BA9009C225E /* 2020_kakao_01.swift */,
				245445CE2A4BDBB6009C225E /* main.swift */,
			);
			name = "2020 카카오 인턴십";
			path = "2020 카카오 인턴십";
			sourceTree = "<group>";
		};
		24DD14F72A0A64B300AA1845 = {
			isa = PBXGroup;
			children = (
				24DD150A2A0A656300AA1845 /* BOJ */,
				24DD150B2A0A656F00AA1845 /* Programmers */,
				24DD15022A0A64B300AA1845 /* Algorithm */,
				24DD15012A0A64B300AA1845 /* Products */,
			);
			sourceTree = "<group>";
		};
		24DD15012A0A64B300AA1845 /* Products */ = {
			isa = PBXGroup;
			children = (
				24DD15002A0A64B300AA1845 /* Algorithm */,
			);
			name = Products;
			sourceTree = "<group>";
		};
		24DD15022A0A64B300AA1845 /* Algorithm */ = {
			isa = PBXGroup;
			children = (
				24DD15462A0A6E5A00AA1845 /* Algorithm-Bridging-Header.h */,
				24DD15442A0A6E5A00AA1845 /* fileIO.swift */,
				24DD15452A0A6E5A00AA1845 /* timeCheck.swift */,
			);
			path = Algorithm;
			sourceTree = "<group>";
		};
		24DD150A2A0A656300AA1845 /* BOJ */ = {
			isa = PBXGroup;
			children = (
				243F57C52A244CAC00ADC1D8 /* unsolved */,
				2454454A2A2EE4AD009C225E /* 23_03 */,
				243F575D2A1370C700ADC1D8 /* 23_04 */,
				24DD150C2A0A658300AA1845 /* 23_05 */,
				245445662A2EE763009C225E /* 23_06 */,
			);
			path = BOJ;
			sourceTree = "<group>";
		};
		24DD150B2A0A656F00AA1845 /* Programmers */ = {
			isa = PBXGroup;
			children = (
				24DD15172A0A687900AA1845 /* HighScore_Kit */,
				245445BE2A496D20009C225E /* 2019 카카오 개발자 겨울 인턴십 */,
				245445CD2A4B0D32009C225E /* 2020 카카오 인턴십 */,
			);
			path = Programmers;
			sourceTree = "<group>";
		};
		24DD150C2A0A658300AA1845 /* 23_05 */ = {
			isa = PBXGroup;
			children = (
				24DD15032A0A64B300AA1845 /* 7662.swift */,
				243F57552A1113F300ADC1D8 /* 15591.swift */,
				243F57572A1219E100ADC1D8 /* 17780.swift */,
				243F57592A122E2D00ADC1D8 /* 18500.swift */,
				243F575B2A136FCC00ADC1D8 /* 16639.swift */,
				243F57712A14889500ADC1D8 /* 1800.swift */,
				243F579A2A18625500ADC1D8 /* 14466.swift */,
				243F579C2A188F1000ADC1D8 /* 16918.swift */,
				243F579E2A18995100ADC1D8 /* 16967.swift */,
				243F57A02A19D03900ADC1D8 /* 17182.swift */,
				243F57A22A19DCE900ADC1D8 /* 3109.swift */,
				243F57A82A1B238F00ADC1D8 /* 2632.swift */,
				243F57AA2A1C9D7500ADC1D8 /* 4256.swift */,
				243F57AC2A1DAE4200ADC1D8 /* 13335.swift */,
				243F57BA2A1F62BA00ADC1D8 /* 11967.swift */,
				243F57C12A23083300ADC1D8 /* 8972.swift */,
				243F57C62A244CBF00ADC1D8 /* 1935.swift */,
				243F57C82A24524C00ADC1D8 /* 1918.swift */,
				245BD3DB2A25C842007B0462 /* 1976.swift */,
			);
			path = 23_05;
			sourceTree = "<group>";
		};
		24DD15172A0A687900AA1845 /* HighScore_Kit */ = {
			isa = PBXGroup;
			children = (
				24DD153C2A0A687900AA1845 /* 01_Hash */,
				24DD152E2A0A687900AA1845 /* 02_Stack_Queue */,
				24DD15332A0A687900AA1845 /* 03_Heap */,
				24DD15222A0A687900AA1845 /* 04_Sort */,
				24DD15182A0A687900AA1845 /* 05_BruteForce */,
				24DD152D2A0A687900AA1845 /* 06_Greedy */,
				24DD15262A0A687900AA1845 /* 07_DynamicProgramming */,
				24DD15362A0A687900AA1845 /* 08_DFS_BFS */,
				24DD151F2A0A687900AA1845 /* 09_BinarySearch */,
				24DD15292A0A687900AA1845 /* 10_Graph */,
			);
			path = HighScore_Kit;
			sourceTree = "<group>";
		};
		24DD15182A0A687900AA1845 /* 05_BruteForce */ = {
			isa = PBXGroup;
			children = (
				24DD151C2A0A687900AA1845 /* bruteforce_01.swift */,
				24DD151A2A0A687900AA1845 /* bruteforce_02.swift */,
				24DD15192A0A687900AA1845 /* bruteforce_03.swift */,
				24DD151D2A0A687900AA1845 /* bruteforce_04.swift */,
				24DD151B2A0A687900AA1845 /* bruteforce_05.swift */,
				24DD151E2A0A687900AA1845 /* bruteforce_06.swift */,
				24DD156D2A0B537C00AA1845 /* bruteforce_07.swift */,
			);
			path = 05_BruteForce;
			sourceTree = "<group>";
		};
		24DD151F2A0A687900AA1845 /* 09_BinarySearch */ = {
			isa = PBXGroup;
			children = (
				24DD15202A0A687900AA1845 /* binarysearch_01.swift */,
				24DD15212A0A687900AA1845 /* binarysearch_02.swift */,
			);
			path = 09_BinarySearch;
			sourceTree = "<group>";
		};
		24DD15222A0A687900AA1845 /* 04_Sort */ = {
			isa = PBXGroup;
			children = (
				24DD15252A0A687900AA1845 /* sort_01.swift */,
				24DD15232A0A687900AA1845 /* sort_02.swift */,
				24DD15242A0A687900AA1845 /* sort_03.swift */,
			);
			path = 04_Sort;
			sourceTree = "<group>";
		};
		24DD15262A0A687900AA1845 /* 07_DynamicProgramming */ = {
			isa = PBXGroup;
			children = (
				24DD15282A0A687900AA1845 /* dp_01.swift */,
				24DD15272A0A687900AA1845 /* dp_02.swift */,
			);
			path = 07_DynamicProgramming;
			sourceTree = "<group>";
		};
		24DD15292A0A687900AA1845 /* 10_Graph */ = {
			isa = PBXGroup;
			children = (
				24DD152C2A0A687900AA1845 /* graph_01.swift */,
				24DD152A2A0A687900AA1845 /* graph_02.swift */,
				24DD152B2A0A687900AA1845 /* graph_03_unsolve.swift */,
			);
			path = 10_Graph;
			sourceTree = "<group>";
		};
		24DD152D2A0A687900AA1845 /* 06_Greedy */ = {
			isa = PBXGroup;
			children = (
				24DD156F2A0B5B2700AA1845 /* greedy_01.swift */,
				243F57052A0E78BD00ADC1D8 /* greedy_02.swift */,
				243F57072A106E1F00ADC1D8 /* greedy_03.swift */,
				243F57092A10A69300ADC1D8 /* greedy_04.swift */,
			);
			path = 06_Greedy;
			sourceTree = "<group>";
		};
		24DD152E2A0A687900AA1845 /* 02_Stack_Queue */ = {
			isa = PBXGroup;
			children = (
				24DD15322A0A687900AA1845 /* stackqueue_01.swift */,
				24DD152F2A0A687900AA1845 /* stackqueue_02.swift */,
				24DD15302A0A687900AA1845 /* stackqueue_03.swift */,
				24DD15312A0A687900AA1845 /* stackqueue_04.swift */,
			);
			path = 02_Stack_Queue;
			sourceTree = "<group>";
		};
		24DD15332A0A687900AA1845 /* 03_Heap */ = {
			isa = PBXGroup;
			children = (
				24DD15352A0A687900AA1845 /* heap_01.swift */,
				24DD15342A0A687900AA1845 /* heap_02.swift */,
			);
			path = 03_Heap;
			sourceTree = "<group>";
		};
		24DD15362A0A687900AA1845 /* 08_DFS_BFS */ = {
			isa = PBXGroup;
			children = (
				24DD15392A0A687900AA1845 /* dfsbfs_01.swift */,
				24DD15382A0A687900AA1845 /* dfsbfs_02.swift */,
				24DD153B2A0A687900AA1845 /* dfsbfs_03.swift */,
				24DD153A2A0A687900AA1845 /* dfsbfs_04.swift */,
				24DD15372A0A687900AA1845 /* dfsbfs_05_unsolve.swift */,
			);
			path = 08_DFS_BFS;
			sourceTree = "<group>";
		};
		24DD153C2A0A687900AA1845 /* 01_Hash */ = {
			isa = PBXGroup;
			children = (
				24DD153E2A0A687900AA1845 /* hash_01.swift */,
				24DD153D2A0A687900AA1845 /* hash_02.swift */,
			);
			path = 01_Hash;
			sourceTree = "<group>";
		};
/* End PBXGroup section */

/* Begin PBXNativeTarget section */
		24DD14FF2A0A64B300AA1845 /* Algorithm */ = {
			isa = PBXNativeTarget;
			buildConfigurationList = 24DD15072A0A64B300AA1845 /* Build configuration list for PBXNativeTarget "Algorithm" */;
			buildPhases = (
				24DD14FC2A0A64B300AA1845 /* Sources */,
				24DD14FD2A0A64B300AA1845 /* Frameworks */,
				24DD14FE2A0A64B300AA1845 /* CopyFiles */,
			);
			buildRules = (
			);
			dependencies = (
			);
			name = Algorithm;
			productName = Algorithm;
			productReference = 24DD15002A0A64B300AA1845 /* Algorithm */;
			productType = "com.apple.product-type.tool";
		};
/* End PBXNativeTarget section */

/* Begin PBXProject section */
		24DD14F82A0A64B300AA1845 /* Project object */ = {
			isa = PBXProject;
			attributes = {
				BuildIndependentTargetsInParallel = 1;
				LastSwiftUpdateCheck = 1420;
				LastUpgradeCheck = 1420;
				TargetAttributes = {
					24DD14FF2A0A64B300AA1845 = {
						CreatedOnToolsVersion = 14.2;
						LastSwiftMigration = 1420;
					};
				};
			};
			buildConfigurationList = 24DD14FB2A0A64B300AA1845 /* Build configuration list for PBXProject "Algorithm" */;
			compatibilityVersion = "Xcode 14.0";
			developmentRegion = en;
			hasScannedForEncodings = 0;
			knownRegions = (
				en,
				Base,
			);
			mainGroup = 24DD14F72A0A64B300AA1845;
			productRefGroup = 24DD15012A0A64B300AA1845 /* Products */;
			projectDirPath = "";
			projectRoot = "";
			targets = (
				24DD14FF2A0A64B300AA1845 /* Algorithm */,
			);
		};
/* End PBXProject section */

/* Begin PBXSourcesBuildPhase section */
		24DD14FC2A0A64B300AA1845 /* Sources */ = {
			isa = PBXSourcesBuildPhase;
			buildActionMask = 2147483647;
			files = (
				245445CF2A4BDBB6009C225E /* main.swift in Sources */,
			);
			runOnlyForDeploymentPostprocessing = 0;
		};
/* End PBXSourcesBuildPhase section */

/* Begin XCBuildConfiguration section */
		24DD15052A0A64B300AA1845 /* Debug */ = {
			isa = XCBuildConfiguration;
			buildSettings = {
				ALWAYS_SEARCH_USER_PATHS = NO;
				CLANG_ANALYZER_NONNULL = YES;
				CLANG_ANALYZER_NUMBER_OBJECT_CONVERSION = YES_AGGRESSIVE;
				CLANG_CXX_LANGUAGE_STANDARD = "gnu++20";
				CLANG_ENABLE_MODULES = YES;
				CLANG_ENABLE_OBJC_ARC = YES;
				CLANG_ENABLE_OBJC_WEAK = YES;
				CLANG_WARN_BLOCK_CAPTURE_AUTORELEASING = YES;
				CLANG_WARN_BOOL_CONVERSION = YES;
				CLANG_WARN_COMMA = YES;
				CLANG_WARN_CONSTANT_CONVERSION = YES;
				CLANG_WARN_DEPRECATED_OBJC_IMPLEMENTATIONS = YES;
				CLANG_WARN_DIRECT_OBJC_ISA_USAGE = YES_ERROR;
				CLANG_WARN_DOCUMENTATION_COMMENTS = YES;
				CLANG_WARN_EMPTY_BODY = YES;
				CLANG_WARN_ENUM_CONVERSION = YES;
				CLANG_WARN_INFINITE_RECURSION = YES;
				CLANG_WARN_INT_CONVERSION = YES;
				CLANG_WARN_NON_LITERAL_NULL_CONVERSION = YES;
				CLANG_WARN_OBJC_IMPLICIT_RETAIN_SELF = YES;
				CLANG_WARN_OBJC_LITERAL_CONVERSION = YES;
				CLANG_WARN_OBJC_ROOT_CLASS = YES_ERROR;
				CLANG_WARN_QUOTED_INCLUDE_IN_FRAMEWORK_HEADER = YES;
				CLANG_WARN_RANGE_LOOP_ANALYSIS = YES;
				CLANG_WARN_STRICT_PROTOTYPES = YES;
				CLANG_WARN_SUSPICIOUS_MOVE = YES;
				CLANG_WARN_UNGUARDED_AVAILABILITY = YES_AGGRESSIVE;
				CLANG_WARN_UNREACHABLE_CODE = YES;
				CLANG_WARN__DUPLICATE_METHOD_MATCH = YES;
				COPY_PHASE_STRIP = NO;
				DEBUG_INFORMATION_FORMAT = dwarf;
				ENABLE_STRICT_OBJC_MSGSEND = YES;
				ENABLE_TESTABILITY = YES;
				GCC_C_LANGUAGE_STANDARD = gnu11;
				GCC_DYNAMIC_NO_PIC = NO;
				GCC_NO_COMMON_BLOCKS = YES;
				GCC_OPTIMIZATION_LEVEL = 0;
				GCC_PREPROCESSOR_DEFINITIONS = (
					"DEBUG=1",
					"$(inherited)",
				);
				GCC_WARN_64_TO_32_BIT_CONVERSION = YES;
				GCC_WARN_ABOUT_RETURN_TYPE = YES_ERROR;
				GCC_WARN_UNDECLARED_SELECTOR = YES;
				GCC_WARN_UNINITIALIZED_AUTOS = YES_AGGRESSIVE;
				GCC_WARN_UNUSED_FUNCTION = YES;
				GCC_WARN_UNUSED_VARIABLE = YES;
				MACOSX_DEPLOYMENT_TARGET = 13.1;
				MTL_ENABLE_DEBUG_INFO = INCLUDE_SOURCE;
				MTL_FAST_MATH = YES;
				ONLY_ACTIVE_ARCH = YES;
				SDKROOT = macosx;
				SWIFT_ACTIVE_COMPILATION_CONDITIONS = DEBUG;
				SWIFT_OPTIMIZATION_LEVEL = "-Onone";
			};
			name = Debug;
		};
		24DD15062A0A64B300AA1845 /* Release */ = {
			isa = XCBuildConfiguration;
			buildSettings = {
				ALWAYS_SEARCH_USER_PATHS = NO;
				CLANG_ANALYZER_NONNULL = YES;
				CLANG_ANALYZER_NUMBER_OBJECT_CONVERSION = YES_AGGRESSIVE;
				CLANG_CXX_LANGUAGE_STANDARD = "gnu++20";
				CLANG_ENABLE_MODULES = YES;
				CLANG_ENABLE_OBJC_ARC = YES;
				CLANG_ENABLE_OBJC_WEAK = YES;
				CLANG_WARN_BLOCK_CAPTURE_AUTORELEASING = YES;
				CLANG_WARN_BOOL_CONVERSION = YES;
				CLANG_WARN_COMMA = YES;
				CLANG_WARN_CONSTANT_CONVERSION = YES;
				CLANG_WARN_DEPRECATED_OBJC_IMPLEMENTATIONS = YES;
				CLANG_WARN_DIRECT_OBJC_ISA_USAGE = YES_ERROR;
				CLANG_WARN_DOCUMENTATION_COMMENTS = YES;
				CLANG_WARN_EMPTY_BODY = YES;
				CLANG_WARN_ENUM_CONVERSION = YES;
				CLANG_WARN_INFINITE_RECURSION = YES;
				CLANG_WARN_INT_CONVERSION = YES;
				CLANG_WARN_NON_LITERAL_NULL_CONVERSION = YES;
				CLANG_WARN_OBJC_IMPLICIT_RETAIN_SELF = YES;
				CLANG_WARN_OBJC_LITERAL_CONVERSION = YES;
				CLANG_WARN_OBJC_ROOT_CLASS = YES_ERROR;
				CLANG_WARN_QUOTED_INCLUDE_IN_FRAMEWORK_HEADER = YES;
				CLANG_WARN_RANGE_LOOP_ANALYSIS = YES;
				CLANG_WARN_STRICT_PROTOTYPES = YES;
				CLANG_WARN_SUSPICIOUS_MOVE = YES;
				CLANG_WARN_UNGUARDED_AVAILABILITY = YES_AGGRESSIVE;
				CLANG_WARN_UNREACHABLE_CODE = YES;
				CLANG_WARN__DUPLICATE_METHOD_MATCH = YES;
				COPY_PHASE_STRIP = NO;
				DEBUG_INFORMATION_FORMAT = "dwarf-with-dsym";
				ENABLE_NS_ASSERTIONS = NO;
				ENABLE_STRICT_OBJC_MSGSEND = YES;
				GCC_C_LANGUAGE_STANDARD = gnu11;
				GCC_NO_COMMON_BLOCKS = YES;
				GCC_WARN_64_TO_32_BIT_CONVERSION = YES;
				GCC_WARN_ABOUT_RETURN_TYPE = YES_ERROR;
				GCC_WARN_UNDECLARED_SELECTOR = YES;
				GCC_WARN_UNINITIALIZED_AUTOS = YES_AGGRESSIVE;
				GCC_WARN_UNUSED_FUNCTION = YES;
				GCC_WARN_UNUSED_VARIABLE = YES;
				MACOSX_DEPLOYMENT_TARGET = 13.1;
				MTL_ENABLE_DEBUG_INFO = NO;
				MTL_FAST_MATH = YES;
				SDKROOT = macosx;
				SWIFT_COMPILATION_MODE = wholemodule;
				SWIFT_OPTIMIZATION_LEVEL = "-O";
			};
			name = Release;
		};
		24DD15082A0A64B300AA1845 /* Debug */ = {
			isa = XCBuildConfiguration;
			buildSettings = {
				CLANG_ENABLE_MODULES = YES;
				CODE_SIGN_STYLE = Automatic;
				DEVELOPMENT_TEAM = Z6H2JVV9PA;
				ENABLE_HARDENED_RUNTIME = YES;
				LD_RUNPATH_SEARCH_PATHS = (
					"$(inherited)",
					"@executable_path/../Frameworks",
					"@loader_path/../Frameworks",
				);
				PRODUCT_NAME = "$(TARGET_NAME)";
				SWIFT_OPTIMIZATION_LEVEL = "-Onone";
				SWIFT_VERSION = 5.0;
			};
			name = Debug;
		};
		24DD15092A0A64B300AA1845 /* Release */ = {
			isa = XCBuildConfiguration;
			buildSettings = {
				CLANG_ENABLE_MODULES = YES;
				CODE_SIGN_STYLE = Automatic;
				DEVELOPMENT_TEAM = Z6H2JVV9PA;
				ENABLE_HARDENED_RUNTIME = YES;
				LD_RUNPATH_SEARCH_PATHS = (
					"$(inherited)",
					"@executable_path/../Frameworks",
					"@loader_path/../Frameworks",
				);
				PRODUCT_NAME = "$(TARGET_NAME)";
				SWIFT_VERSION = 5.0;
			};
			name = Release;
		};
/* End XCBuildConfiguration section */

/* Begin XCConfigurationList section */
		24DD14FB2A0A64B300AA1845 /* Build configuration list for PBXProject "Algorithm" */ = {
			isa = XCConfigurationList;
			buildConfigurations = (
				24DD15052A0A64B300AA1845 /* Debug */,
				24DD15062A0A64B300AA1845 /* Release */,
			);
			defaultConfigurationIsVisible = 0;
			defaultConfigurationName = Release;
		};
		24DD15072A0A64B300AA1845 /* Build configuration list for PBXNativeTarget "Algorithm" */ = {
			isa = XCConfigurationList;
			buildConfigurations = (
				24DD15082A0A64B300AA1845 /* Debug */,
				24DD15092A0A64B300AA1845 /* Release */,
			);
			defaultConfigurationIsVisible = 0;
			defaultConfigurationName = Release;
		};
/* End XCConfigurationList section */
	};
	rootObject = 24DD14F82A0A64B300AA1845 /* Project object */;
}
